Microsoft Visual Studio Solution File, Format Version 8.00
Project("{8BC9CEB8-8B4A-11D0-8D11-00A0C91BC942}") = "jpg2tga", "..\jpg2tga\jpg2tga.vcproj", "{1571B94D-2C14-4ECC-9052-6E44786E9F12}"
	ProjectSection(ProjectDependencies) = postProject
		{7760994C-0181-4683-9321-4432FE983141} = {7760994C-0181-4683-9321-4432FE983141}
	EndProjectSection
EndProject
Project("{8BC9CEB8-8B4A-11D0-8D11-00A0C91BC942}") = "jpgdlib", "..\jpgdlib\jpgdlib.vcproj", "{7760994C-0181-4683-9321-4432FE983141}"
	ProjectSection(ProjectDependencies) = postProject
	EndProjectSection
EndProject
Global
	GlobalSection(SolutionConfiguration) = preSolution
		Debug = Debug
		Release = Release
	EndGlobalSection
	GlobalSection(ProjectConfiguration) = postSolution
		{1571B94D-2C14-4ECC-9052-6E44786E9F12}.Debug.ActiveCfg = Debug|Win32
		{1571B94D-2C14-4ECC-9052-6E44786E9F12}.Debug.Build.0 = Debug|Win32
		{1571B94D-2C14-4ECC-9052-6E44786E9F12}.Release.ActiveCfg = Release|Win32
		{1571B94D-2C14-4ECC-9052-6E44786E9F12}.Release.Build.0 = Release|Win32
		{7760994C-0181-4683-9321-4432FE983141}.Debug.ActiveCfg = Debug|Win32
		{7760994C-0181-4683-9321-4432FE983141}.Debug.Build.0 = Debug|Win32
		{7760994C-0181-4683-9321-4432FE983141}.Release.ActiveCfg = Release|Win32
		{7760994C-0181-4683-9321-4432FE983141}.Release.Build.0 = Release|Win32
	EndGlobalSection
	GlobalSection(ExtensibilityGlobals) = postSolution
	EndGlobalSection
	GlobalSection(ExtensibilityAddIns) = postSolution
	EndGlobalSection
EndGlobal
