<?xml version="1.0" encoding="utf-8"?>
<Project ToolsVersion="4.0" xmlns="http://schemas.microsoft.com/developer/msbuild/2003">
  <ItemGroup>
    <Filter Include="Source Files">
      <UniqueIdentifier>{fedf5f7c-293a-458c-b985-d8d27e2afa5a}</UniqueIdentifier>
      <Extensions>cpp;c;cxx;rc;def;r;odl;idl;hpj;bat</Extensions>
    </Filter>
    <Filter Include="Header Files">
      <UniqueIdentifier>{e763395e-4fc1-42e4-a9ae-69060b27d753}</UniqueIdentifier>
      <Extensions>h;hpp;hxx;hm;inl</Extensions>
    </Filter>
  </ItemGroup>
  <ItemGroup>
    <ClCompile Include="h2v2.cpp">
      <Filter>Source Files</Filter>
    </ClCompile>
    <ClCompile Include="idct.cpp">
      <Filter>Source Files</Filter>
    </ClCompile>
    <ClCompile Include="jidctfst.cpp">
      <Filter>Source Files</Filter>
    </ClCompile>
    <ClCompile Include="jpegdecoder.cpp">
      <Filter>Source Files</Filter>
    </ClCompile>
  </ItemGroup>
  <ItemGroup>
    <ClInclude Include="..\inc\jpegdecoder.h">
      <Filter>Header Files</Filter>
    </ClInclude>
    <ClInclude Include="..\inc\main.h">
      <Filter>Header Files</Filter>
    </ClInclude>
  </ItemGroup>
  <ItemGroup>
    <None Include="..\inc\jpegdecoder.inl">
      <Filter>Header Files</Filter>
    </None>
    <None Include="..\readme.txt" />
  </ItemGroup>
</Project>