<?xml version="1.0" encoding="utf-8"?>
<Project ToolsVersion="4.0" xmlns="http://schemas.microsoft.com/developer/msbuild/2003">
  <ItemGroup>
    <Filter Include="Source Files">
      <UniqueIdentifier>{47f78e8f-ab9f-4994-b92d-3d7c47a6f96d}</UniqueIdentifier>
      <Extensions>cpp;c;cxx;rc;def;r;odl;idl;hpj;bat</Extensions>
    </Filter>
    <Filter Include="Header Files">
      <UniqueIdentifier>{7a440414-f719-4224-b7c7-cae08dd9bfbf}</UniqueIdentifier>
      <Extensions>h;hpp;hxx;hm;inl</Extensions>
    </Filter>
  </ItemGroup>
  <ItemGroup>
    <ClCompile Include="3DSFiles.cpp">
      <Filter>Source Files</Filter>
    </ClCompile>
    <ClCompile Include="3DSTypes.cpp">
      <Filter>Source Files</Filter>
    </ClCompile>
    <ClCompile Include="ASEFiles.cpp">
      <Filter>Source Files</Filter>
    </ClCompile>
    <ClCompile Include="GBSFiles.cpp">
      <Filter>Source Files</Filter>
    </ClCompile>
    <ClCompile Include="StdAfx.cpp">
      <Filter>Source Files</Filter>
    </ClCompile>
    <ClCompile Include="VectorLib.cpp">
      <Filter>Source Files</Filter>
    </ClCompile>
    <ClCompile Include="GCMFiles.cpp">
      <Filter>Source Files</Filter>
    </ClCompile>
  </ItemGroup>
  <ItemGroup>
    <ClInclude Include="3DSFiles.h">
      <Filter>Header Files</Filter>
    </ClInclude>
    <ClInclude Include="3DSTypes.h">
      <Filter>Header Files</Filter>
    </ClInclude>
    <ClInclude Include="ASEFiles.h">
      <Filter>Header Files</Filter>
    </ClInclude>
    <ClInclude Include="GBSFiles.h">
      <Filter>Header Files</Filter>
    </ClInclude>
    <ClInclude Include="IniFiles.h">
      <Filter>Header Files</Filter>
    </ClInclude>
    <ClInclude Include="StdAfx.h">
      <Filter>Header Files</Filter>
    </ClInclude>
    <ClInclude Include="VectorLib.h">
      <Filter>Header Files</Filter>
    </ClInclude>
    <ClInclude Include="GCMFiles.h">
      <Filter>Header Files</Filter>
    </ClInclude>
  </ItemGroup>
  <ItemGroup>
    <None Include="Readme.txt" />
  </ItemGroup>
</Project>