Microsoft Visual Studio Solution File, Format Version 11.00
# Visual Studio 2010
Project("{8BC9CEB8-8B4A-11D0-8D11-00A0C91BC942}") = "GameGUILib", "..\GameGUILib\GameGUILib.vcxproj", "{ACD90F68-D2E5-4C06-AACC-4678341B073B}"
EndProject
Project("{8BC9CEB8-8B4A-11D0-8D11-00A0C91BC942}") = "GameGUI", "..\GameGUI\GameGUI.vcxproj", "{F5229844-8A54-437A-BCA0-54750D0FE5EC}"
EndProject
Project("{8BC9CEB8-8B4A-11D0-8D11-00A0C91BC942}") = "GameEngine", "GameEngine.vcxproj", "{61B2F331-26B7-4E41-9954-A3D7512D3546}"
EndProject
Project("{8BC9CEB8-8B4A-11D0-8D11-00A0C91BC942}") = "GameRunTime", "..\GameRunTime\GameRunTime.vcxproj", "{BE131682-BAEB-4D76-8947-4F334C9DE3EB}"
EndProject
Project("{8BC9CEB8-8B4A-11D0-8D11-00A0C91BC942}") = "GameRunTimeLib", "..\GameRunTimeLib\GameRunTimeLib.vcxproj", "{1ACA288E-6E1A-4FE5-BDBF-D9C06A26C298}"
EndProject
Project("{8BC9CEB8-8B4A-11D0-8D11-00A0C91BC942}") = "VectorLib", "..\VectorLib\VectorLib.vcxproj", "{E5D975D9-5FB1-4FDA-8075-3007BF987B1F}"
EndProject
Project("{8BC9CEB8-8B4A-11D0-8D11-00A0C91BC942}") = "AnimationSystems", "..\AnimationSystems\AnimationSystems.vcxproj", "{8B59658A-C0F4-4E80-A83E-9948EE4DD8A2}"
EndProject
Project("{8BC9CEB8-8B4A-11D0-8D11-00A0C91BC942}") = "GUISystems", "..\GUISystems\GUISystems.vcxproj", "{FE431444-FD9A-445F-849A-428216B9F21C}"
EndProject
Project("{8BC9CEB8-8B4A-11D0-8D11-00A0C91BC942}") = "GameGraphics", "..\GameGraphics\GameGraphics.vcxproj", "{A27B1449-7C80-425F-841A-B069BC6A91E0}"
EndProject
Project("{8BC9CEB8-8B4A-11D0-8D11-00A0C91BC942}") = "AirUnitTypes", "..\AirUnitTypes\AirUnitTypes.vcxproj", "{9843DEDA-A88F-4A3B-B2E4-52DEB197E061}"
EndProject
Project("{8BC9CEB8-8B4A-11D0-8D11-00A0C91BC942}") = "GroundUnitTypes", "..\GroundUnitTypes\GroundUnitTypes.vcxproj", "{D4DC7494-41AC-41EC-B269-4398A87A4734}"
EndProject
Project("{8BC9CEB8-8B4A-11D0-8D11-00A0C91BC942}") = "WeaponTypes", "..\WeaponTypes\WeaponTypes.vcxproj", "{CC28F93D-D498-4180-8CF6-6E7F8158EA02}"
EndProject
Project("{8BC9CEB8-8B4A-11D0-8D11-00A0C91BC942}") = "GameEntityLib", "..\GameEntityLib\GameEntityLib.vcxproj", "{4B983BEA-B062-4E75-AE30-1C8DEEFF50EF}"
EndProject
Project("{8BC9CEB8-8B4A-11D0-8D11-00A0C91BC942}") = "GameManagers", "..\GameManagers\GameManagers.vcxproj", "{1D4A1C4C-9DFC-42CD-9130-46E1AF644ADC}"
EndProject
Project("{8BC9CEB8-8B4A-11D0-8D11-00A0C91BC942}") = "ParticleSystems", "..\ParticleSystems\ParticleSystems.vcxproj", "{A6CAB817-DCD3-438B-B458-B1E0DF3A307C}"
EndProject
Project("{8BC9CEB8-8B4A-11D0-8D11-00A0C91BC942}") = "PlayAreaElements", "..\PlayAreaElements\PlayAreaElements.vcxproj", "{0C88C1A7-32DC-4DDF-8BED-90D097F5B3EE}"
EndProject
Project("{8BC9CEB8-8B4A-11D0-8D11-00A0C91BC942}") = "SoundSystems", "..\SoundSystems\SoundSystems.vcxproj", "{9DCC9752-E509-47E9-B9CE-B6E662365CFC}"
EndProject
Project("{8BC9CEB8-8B4A-11D0-8D11-00A0C91BC942}") = "BonusTypes", "..\BonusTypes\BonusTypes.vcxproj", "{753B581B-DCF4-40D9-A57B-F7AA8A69E2A3}"
EndProject
Project("{8BC9CEB8-8B4A-11D0-8D11-00A0C91BC942}") = "IATestSystems", "..\IATestSystems\IATestSystems.vcxproj", "{E6053A26-852E-4653-A4D5-AF5BCD0B7E94}"
EndProject
Project("{8BC9CEB8-8B4A-11D0-8D11-00A0C91BC942}") = "ScenarioEditor", "..\ScenarioEditor\ScenarioEditor.vcxproj", "{21706190-2684-46E2-938E-DB801AA33102}"
EndProject
Project("{8BC9CEB8-8B4A-11D0-8D11-00A0C91BC942}") = "FormationEditor", "..\FormationEditor\FormationEditor.vcxproj", "{DEC6F47B-0D1E-405E-8DAC-9D46570D556E}"
EndProject
Project("{8BC9CEB8-8B4A-11D0-8D11-00A0C91BC942}") = "EntityEditor", "..\EntityEditor\EntityEditor.vcxproj", "{E0E740A3-6925-4048-A06E-5B98C1FCFE9B}"
EndProject
Global
	GlobalSection(SolutionConfigurationPlatforms) = preSolution
		Debug|Win32 = Debug|Win32
		Release|Win32 = Release|Win32
	EndGlobalSection
	GlobalSection(ProjectConfigurationPlatforms) = postSolution
		{ACD90F68-D2E5-4C06-AACC-4678341B073B}.Debug|Win32.ActiveCfg = Debug|Win32
		{ACD90F68-D2E5-4C06-AACC-4678341B073B}.Debug|Win32.Build.0 = Debug|Win32
		{ACD90F68-D2E5-4C06-AACC-4678341B073B}.Release|Win32.ActiveCfg = Release|Win32
		{ACD90F68-D2E5-4C06-AACC-4678341B073B}.Release|Win32.Build.0 = Release|Win32
		{F5229844-8A54-437A-BCA0-54750D0FE5EC}.Debug|Win32.ActiveCfg = Debug|Win32
		{F5229844-8A54-437A-BCA0-54750D0FE5EC}.Debug|Win32.Build.0 = Debug|Win32
		{F5229844-8A54-437A-BCA0-54750D0FE5EC}.Release|Win32.ActiveCfg = Release|Win32
		{F5229844-8A54-437A-BCA0-54750D0FE5EC}.Release|Win32.Build.0 = Release|Win32
		{61B2F331-26B7-4E41-9954-A3D7512D3546}.Debug|Win32.ActiveCfg = Debug|Win32
		{61B2F331-26B7-4E41-9954-A3D7512D3546}.Debug|Win32.Build.0 = Debug|Win32
		{61B2F331-26B7-4E41-9954-A3D7512D3546}.Release|Win32.ActiveCfg = Release|Win32
		{61B2F331-26B7-4E41-9954-A3D7512D3546}.Release|Win32.Build.0 = Release|Win32
		{BE131682-BAEB-4D76-8947-4F334C9DE3EB}.Debug|Win32.ActiveCfg = Debug|Win32
		{BE131682-BAEB-4D76-8947-4F334C9DE3EB}.Debug|Win32.Build.0 = Debug|Win32
		{BE131682-BAEB-4D76-8947-4F334C9DE3EB}.Release|Win32.ActiveCfg = Release|Win32
		{BE131682-BAEB-4D76-8947-4F334C9DE3EB}.Release|Win32.Build.0 = Release|Win32
		{1ACA288E-6E1A-4FE5-BDBF-D9C06A26C298}.Debug|Win32.ActiveCfg = Debug|Win32
		{1ACA288E-6E1A-4FE5-BDBF-D9C06A26C298}.Debug|Win32.Build.0 = Debug|Win32
		{1ACA288E-6E1A-4FE5-BDBF-D9C06A26C298}.Release|Win32.ActiveCfg = Release|Win32
		{1ACA288E-6E1A-4FE5-BDBF-D9C06A26C298}.Release|Win32.Build.0 = Release|Win32
		{E5D975D9-5FB1-4FDA-8075-3007BF987B1F}.Debug|Win32.ActiveCfg = Debug|Win32
		{E5D975D9-5FB1-4FDA-8075-3007BF987B1F}.Debug|Win32.Build.0 = Debug|Win32
		{E5D975D9-5FB1-4FDA-8075-3007BF987B1F}.Release|Win32.ActiveCfg = Release|Win32
		{E5D975D9-5FB1-4FDA-8075-3007BF987B1F}.Release|Win32.Build.0 = Release|Win32
		{8B59658A-C0F4-4E80-A83E-9948EE4DD8A2}.Debug|Win32.ActiveCfg = Debug|Win32
		{8B59658A-C0F4-4E80-A83E-9948EE4DD8A2}.Debug|Win32.Build.0 = Debug|Win32
		{8B59658A-C0F4-4E80-A83E-9948EE4DD8A2}.Release|Win32.ActiveCfg = Release|Win32
		{8B59658A-C0F4-4E80-A83E-9948EE4DD8A2}.Release|Win32.Build.0 = Release|Win32
		{FE431444-FD9A-445F-849A-428216B9F21C}.Debug|Win32.ActiveCfg = Debug|Win32
		{FE431444-FD9A-445F-849A-428216B9F21C}.Debug|Win32.Build.0 = Debug|Win32
		{FE431444-FD9A-445F-849A-428216B9F21C}.Release|Win32.ActiveCfg = Release|Win32
		{FE431444-FD9A-445F-849A-428216B9F21C}.Release|Win32.Build.0 = Release|Win32
		{A27B1449-7C80-425F-841A-B069BC6A91E0}.Debug|Win32.ActiveCfg = Debug|Win32
		{A27B1449-7C80-425F-841A-B069BC6A91E0}.Debug|Win32.Build.0 = Debug|Win32
		{A27B1449-7C80-425F-841A-B069BC6A91E0}.Release|Win32.ActiveCfg = Release|Win32
		{A27B1449-7C80-425F-841A-B069BC6A91E0}.Release|Win32.Build.0 = Release|Win32
		{9843DEDA-A88F-4A3B-B2E4-52DEB197E061}.Debug|Win32.ActiveCfg = Debug|Win32
		{9843DEDA-A88F-4A3B-B2E4-52DEB197E061}.Debug|Win32.Build.0 = Debug|Win32
		{9843DEDA-A88F-4A3B-B2E4-52DEB197E061}.Release|Win32.ActiveCfg = Release|Win32
		{9843DEDA-A88F-4A3B-B2E4-52DEB197E061}.Release|Win32.Build.0 = Release|Win32
		{D4DC7494-41AC-41EC-B269-4398A87A4734}.Debug|Win32.ActiveCfg = Debug|Win32
		{D4DC7494-41AC-41EC-B269-4398A87A4734}.Debug|Win32.Build.0 = Debug|Win32
		{D4DC7494-41AC-41EC-B269-4398A87A4734}.Release|Win32.ActiveCfg = Release|Win32
		{D4DC7494-41AC-41EC-B269-4398A87A4734}.Release|Win32.Build.0 = Release|Win32
		{CC28F93D-D498-4180-8CF6-6E7F8158EA02}.Debug|Win32.ActiveCfg = Debug|Win32
		{CC28F93D-D498-4180-8CF6-6E7F8158EA02}.Debug|Win32.Build.0 = Debug|Win32
		{CC28F93D-D498-4180-8CF6-6E7F8158EA02}.Release|Win32.ActiveCfg = Release|Win32
		{CC28F93D-D498-4180-8CF6-6E7F8158EA02}.Release|Win32.Build.0 = Release|Win32
		{4B983BEA-B062-4E75-AE30-1C8DEEFF50EF}.Debug|Win32.ActiveCfg = Debug|Win32
		{4B983BEA-B062-4E75-AE30-1C8DEEFF50EF}.Debug|Win32.Build.0 = Debug|Win32
		{4B983BEA-B062-4E75-AE30-1C8DEEFF50EF}.Release|Win32.ActiveCfg = Release|Win32
		{4B983BEA-B062-4E75-AE30-1C8DEEFF50EF}.Release|Win32.Build.0 = Release|Win32
		{1D4A1C4C-9DFC-42CD-9130-46E1AF644ADC}.Debug|Win32.ActiveCfg = Debug|Win32
		{1D4A1C4C-9DFC-42CD-9130-46E1AF644ADC}.Debug|Win32.Build.0 = Debug|Win32
		{1D4A1C4C-9DFC-42CD-9130-46E1AF644ADC}.Release|Win32.ActiveCfg = Release|Win32
		{1D4A1C4C-9DFC-42CD-9130-46E1AF644ADC}.Release|Win32.Build.0 = Release|Win32
		{A6CAB817-DCD3-438B-B458-B1E0DF3A307C}.Debug|Win32.ActiveCfg = Debug|Win32
		{A6CAB817-DCD3-438B-B458-B1E0DF3A307C}.Debug|Win32.Build.0 = Debug|Win32
		{A6CAB817-DCD3-438B-B458-B1E0DF3A307C}.Release|Win32.ActiveCfg = Release|Win32
		{A6CAB817-DCD3-438B-B458-B1E0DF3A307C}.Release|Win32.Build.0 = Release|Win32
		{0C88C1A7-32DC-4DDF-8BED-90D097F5B3EE}.Debug|Win32.ActiveCfg = Debug|Win32
		{0C88C1A7-32DC-4DDF-8BED-90D097F5B3EE}.Debug|Win32.Build.0 = Debug|Win32
		{0C88C1A7-32DC-4DDF-8BED-90D097F5B3EE}.Release|Win32.ActiveCfg = Release|Win32
		{0C88C1A7-32DC-4DDF-8BED-90D097F5B3EE}.Release|Win32.Build.0 = Release|Win32
		{9DCC9752-E509-47E9-B9CE-B6E662365CFC}.Debug|Win32.ActiveCfg = Debug|Win32
		{9DCC9752-E509-47E9-B9CE-B6E662365CFC}.Debug|Win32.Build.0 = Debug|Win32
		{9DCC9752-E509-47E9-B9CE-B6E662365CFC}.Release|Win32.ActiveCfg = Release|Win32
		{9DCC9752-E509-47E9-B9CE-B6E662365CFC}.Release|Win32.Build.0 = Release|Win32
		{753B581B-DCF4-40D9-A57B-F7AA8A69E2A3}.Debug|Win32.ActiveCfg = Debug|Win32
		{753B581B-DCF4-40D9-A57B-F7AA8A69E2A3}.Debug|Win32.Build.0 = Debug|Win32
		{753B581B-DCF4-40D9-A57B-F7AA8A69E2A3}.Release|Win32.ActiveCfg = Release|Win32
		{753B581B-DCF4-40D9-A57B-F7AA8A69E2A3}.Release|Win32.Build.0 = Release|Win32
		{E6053A26-852E-4653-A4D5-AF5BCD0B7E94}.Debug|Win32.ActiveCfg = Debug|Win32
		{E6053A26-852E-4653-A4D5-AF5BCD0B7E94}.Debug|Win32.Build.0 = Debug|Win32
		{E6053A26-852E-4653-A4D5-AF5BCD0B7E94}.Release|Win32.ActiveCfg = Release|Win32
		{21706190-2684-46E2-938E-DB801AA33102}.Debug|Win32.ActiveCfg = Debug|Win32
		{21706190-2684-46E2-938E-DB801AA33102}.Debug|Win32.Build.0 = Debug|Win32
		{21706190-2684-46E2-938E-DB801AA33102}.Release|Win32.ActiveCfg = Release|Win32
		{21706190-2684-46E2-938E-DB801AA33102}.Release|Win32.Build.0 = Release|Win32
		{DEC6F47B-0D1E-405E-8DAC-9D46570D556E}.Debug|Win32.ActiveCfg = Debug|Win32
		{DEC6F47B-0D1E-405E-8DAC-9D46570D556E}.Debug|Win32.Build.0 = Debug|Win32
		{DEC6F47B-0D1E-405E-8DAC-9D46570D556E}.Release|Win32.ActiveCfg = Release|Win32
		{DEC6F47B-0D1E-405E-8DAC-9D46570D556E}.Release|Win32.Build.0 = Release|Win32
		{E0E740A3-6925-4048-A06E-5B98C1FCFE9B}.Debug|Win32.ActiveCfg = Debug|Win32
		{E0E740A3-6925-4048-A06E-5B98C1FCFE9B}.Debug|Win32.Build.0 = Debug|Win32
		{E0E740A3-6925-4048-A06E-5B98C1FCFE9B}.Release|Win32.ActiveCfg = Release|Win32
		{E0E740A3-6925-4048-A06E-5B98C1FCFE9B}.Release|Win32.Build.0 = Release|Win32
	EndGlobalSection
	GlobalSection(SolutionProperties) = preSolution
		HideSolutionNode = FALSE
	EndGlobalSection
EndGlobal
