
Microsoft Visual Studio Solution File, Format Version 10.00
# Visual Studio 2008
Project("{8BC9CEB8-8B4A-11D0-8D11-00A0C91BC942}") = "jpgdlib", "jpgdlib.vcproj", "{42925B1B-6F55-4D55-8D51-588D7C76B809}"
EndProject
Global
	GlobalSection(SolutionConfigurationPlatforms) = preSolution
		Debug|Win32 = Debug|Win32
		Release|Win32 = Release|Win32
	EndGlobalSection
	GlobalSection(ProjectConfigurationPlatforms) = postSolution
		{42925B1B-6F55-4D55-8D51-588D7C76B809}.Debug|Win32.ActiveCfg = Debug|Win32
		{42925B1B-6F55-4D55-8D51-588D7C76B809}.Debug|Win32.Build.0 = Debug|Win32
		{42925B1B-6F55-4D55-8D51-588D7C76B809}.Release|Win32.ActiveCfg = Release|Win32
		{42925B1B-6F55-4D55-8D51-588D7C76B809}.Release|Win32.Build.0 = Release|Win32
	EndGlobalSection
	GlobalSection(SolutionProperties) = preSolution
		HideSolutionNode = FALSE
	EndGlobalSection
EndGlobal
